
Microsoft Visual Studio Solution File, Format Version 12.00
# Visual Studio Version 17
VisualStudioVersion = 17.10.35201.131
MinimumVisualStudioVersion = 10.0.40219.1
Project("{9A19103F-16F7-4668-BE54-9A1E7A4F7556}") = "src/API", "src\API\API\API.csproj", "{01768B6D-4339-4687-AF6C-EFC062E82466}"
EndProject
Project("{9A19103F-16F7-4668-BE54-9A1E7A4F7556}") = "src/UI", "src\UI\UI\UI.csproj", "{CCFD0A8C-49F1-438C-A46C-9832627B5792}"
EndProject
Project("{9A19103F-16F7-4668-BE54-9A1E7A4F7556}") = "src/Core", "src\Core\Core\Core.csproj", "{EC64AF6A-A9DE-47D8-AB0D-A74144F5566D}"
EndProject
Project("{9A19103F-16F7-4668-BE54-9A1E7A4F7556}") = "src/API2", "src\API2\API2.csproj", "{3F94D2D1-09EB-4262-A459-9FD88972CC1F}"
EndProject
Project("{2150E333-8FDC-42A3-9474-1A3956D46DE8}") = "src", "src", "{2F9777B9-B13D-48C7-B906-931BB24FDA7D}"
EndProject
Project("{2150E333-8FDC-42A3-9474-1A3956D46DE8}") = "tests", "tests", "{0B5785EE-B2D2-430E-BE3A-60FCD344A27E}"
EndProject
Project("{9A19103F-16F7-4668-BE54-9A1E7A4F7556}") = "API.Tests", "tests\API.Tests\API.Tests.csproj", "{B2725875-FBBD-486B-A832-0B98977125C6}"
EndProject
Project("{9A19103F-16F7-4668-BE54-9A1E7A4F7556}") = "API2.Tests", "tests\API2.Tests\API2.Tests.csproj", "{3F2C8376-8D1F-48CF-A9F1-9A827F864DC7}"
EndProject
Global
	GlobalSection(SolutionConfigurationPlatforms) = preSolution
		Debug|Any CPU = Debug|Any CPU
		Release|Any CPU = Release|Any CPU
	EndGlobalSection
	GlobalSection(ProjectConfigurationPlatforms) = postSolution
		{01768B6D-4339-4687-AF6C-EFC062E82466}.Debug|Any CPU.ActiveCfg = Debug|Any CPU
		{01768B6D-4339-4687-AF6C-EFC062E82466}.Debug|Any CPU.Build.0 = Debug|Any CPU
		{01768B6D-4339-4687-AF6C-EFC062E82466}.Release|Any CPU.ActiveCfg = Release|Any CPU
		{01768B6D-4339-4687-AF6C-EFC062E82466}.Release|Any CPU.Build.0 = Release|Any CPU
		{CCFD0A8C-49F1-438C-A46C-9832627B5792}.Debug|Any CPU.ActiveCfg = Debug|Any CPU
		{CCFD0A8C-49F1-438C-A46C-9832627B5792}.Debug|Any CPU.Build.0 = Debug|Any CPU
		{CCFD0A8C-49F1-438C-A46C-9832627B5792}.Release|Any CPU.ActiveCfg = Release|Any CPU
		{CCFD0A8C-49F1-438C-A46C-9832627B5792}.Release|Any CPU.Build.0 = Release|Any CPU
		{EC64AF6A-A9DE-47D8-AB0D-A74144F5566D}.Debug|Any CPU.ActiveCfg = Debug|Any CPU
		{EC64AF6A-A9DE-47D8-AB0D-A74144F5566D}.Debug|Any CPU.Build.0 = Debug|Any CPU
		{EC64AF6A-A9DE-47D8-AB0D-A74144F5566D}.Release|Any CPU.ActiveCfg = Release|Any CPU
		{EC64AF6A-A9DE-47D8-AB0D-A74144F5566D}.Release|Any CPU.Build.0 = Release|Any CPU
		{3F94D2D1-09EB-4262-A459-9FD88972CC1F}.Debug|Any CPU.ActiveCfg = Debug|Any CPU
		{3F94D2D1-09EB-4262-A459-9FD88972CC1F}.Debug|Any CPU.Build.0 = Debug|Any CPU
		{3F94D2D1-09EB-4262-A459-9FD88972CC1F}.Release|Any CPU.ActiveCfg = Release|Any CPU
		{3F94D2D1-09EB-4262-A459-9FD88972CC1F}.Release|Any CPU.Build.0 = Release|Any CPU
		{B2725875-FBBD-486B-A832-0B98977125C6}.Debug|Any CPU.ActiveCfg = Debug|Any CPU
		{B2725875-FBBD-486B-A832-0B98977125C6}.Debug|Any CPU.Build.0 = Debug|Any CPU
		{B2725875-FBBD-486B-A832-0B98977125C6}.Release|Any CPU.ActiveCfg = Release|Any CPU
		{B2725875-FBBD-486B-A832-0B98977125C6}.Release|Any CPU.Build.0 = Release|Any CPU
		{3F2C8376-8D1F-48CF-A9F1-9A827F864DC7}.Debug|Any CPU.ActiveCfg = Debug|Any CPU
		{3F2C8376-8D1F-48CF-A9F1-9A827F864DC7}.Debug|Any CPU.Build.0 = Debug|Any CPU
		{3F2C8376-8D1F-48CF-A9F1-9A827F864DC7}.Release|Any CPU.ActiveCfg = Release|Any CPU
		{3F2C8376-8D1F-48CF-A9F1-9A827F864DC7}.Release|Any CPU.Build.0 = Release|Any CPU
	EndGlobalSection
	GlobalSection(SolutionProperties) = preSolution
		HideSolutionNode = FALSE
	EndGlobalSection
	GlobalSection(NestedProjects) = preSolution
		{01768B6D-4339-4687-AF6C-EFC062E82466} = {2F9777B9-B13D-48C7-B906-931BB24FDA7D}
		{CCFD0A8C-49F1-438C-A46C-9832627B5792} = {2F9777B9-B13D-48C7-B906-931BB24FDA7D}
		{EC64AF6A-A9DE-47D8-AB0D-A74144F5566D} = {2F9777B9-B13D-48C7-B906-931BB24FDA7D}
		{3F94D2D1-09EB-4262-A459-9FD88972CC1F} = {2F9777B9-B13D-48C7-B906-931BB24FDA7D}
		{B2725875-FBBD-486B-A832-0B98977125C6} = {0B5785EE-B2D2-430E-BE3A-60FCD344A27E}
		{3F2C8376-8D1F-48CF-A9F1-9A827F864DC7} = {0B5785EE-B2D2-430E-BE3A-60FCD344A27E}
	EndGlobalSection
	GlobalSection(ExtensibilityGlobals) = postSolution
		SolutionGuid = {B1A4A989-DA4F-4ECC-B7FF-A3EB6E77DF85}
	EndGlobalSection
EndGlobal
